
Microsoft Visual Studio Solution File, Format Version 12.00
# Visual Studio Version 17
VisualStudioVersion = 17.6.33815.320
MinimumVisualStudioVersion = 10.0.40219.1
Project("{FAE04EC0-301F-11D3-BF4B-00C04F79EFBC}") = "TiaHelper", "TiaHelper\TiaHelper.csproj", "{CC7091C9-C59E-42BC-9AE6-308382545EFF}"
EndProject
Global
	GlobalSection(SolutionConfigurationPlatforms) = preSolution
		Debug|Any CPU = Debug|Any CPU
		Release|Any CPU = Release|Any CPU
	EndGlobalSection
	GlobalSection(ProjectConfigurationPlatforms) = postSolution
		{CC7091C9-C59E-42BC-9AE6-308382545EFF}.Debug|Any CPU.ActiveCfg = Debug|Any CPU
		{CC7091C9-C59E-42BC-9AE6-308382545EFF}.Debug|Any CPU.Build.0 = Debug|Any CPU
		{CC7091C9-C59E-42BC-9AE6-308382545EFF}.Release|Any CPU.ActiveCfg = Release|Any CPU
		{CC7091C9-C59E-42BC-9AE6-308382545EFF}.Release|Any CPU.Build.0 = Release|Any CPU
	EndGlobalSection
	GlobalSection(SolutionProperties) = preSolution
		HideSolutionNode = FALSE
	EndGlobalSection
	GlobalSection(ExtensibilityGlobals) = postSolution
		SolutionGuid = {B91457FB-617D-4461-B076-B3801EC4CD34}
	EndGlobalSection
EndGlobal
